// !$*UTF8*$!
{
	archiveVersion = 1;
	classes = {
	};
	objectVersion = 50;
	objects = {

/* Begin PBXBuildFile section */
		FB7DEF2626DE0DE80042DA0F /* LoginController.swift in Sources */ = {isa = PBXBuildFile; fileRef = FB7DEF2526DE0DE80042DA0F /* LoginController.swift */; };
		FB7DEF2826DE0DF60042DA0F /* RegistrationController.swift in Sources */ = {isa = PBXBuildFile; fileRef = FB7DEF2726DE0DF60042DA0F /* RegistrationController.swift */; };
		FB7DEF2A26DE1E060042DA0F /* CustomTextField.swift in Sources */ = {isa = PBXBuildFile; fileRef = FB7DEF2926DE1E060042DA0F /* CustomTextField.swift */; };
		FB81A64926DB82CD00418765 /* AppDelegate.swift in Sources */ = {isa = PBXBuildFile; fileRef = FB81A64826DB82CD00418765 /* AppDelegate.swift */; };
		FB81A64B26DB82CD00418765 /* SceneDelegate.swift in Sources */ = {isa = PBXBuildFile; fileRef = FB81A64A26DB82CD00418765 /* SceneDelegate.swift */; };
		FB81A64D26DB82CD00418765 /* ViewController.swift in Sources */ = {isa = PBXBuildFile; fileRef = FB81A64C26DB82CD00418765 /* ViewController.swift */; };
		FB81A65026DB82CD00418765 /* Main.storyboard in Resources */ = {isa = PBXBuildFile; fileRef = FB81A64E26DB82CD00418765 /* Main.storyboard */; };
		FB81A65526DB82CF00418765 /* LaunchScreen.storyboard in Resources */ = {isa = PBXBuildFile; fileRef = FB81A65326DB82CF00418765 /* LaunchScreen.storyboard */; };
		FB81A66326DB83EF00418765 /* MainTabController.swift in Sources */ = {isa = PBXBuildFile; fileRef = FB81A66226DB83EF00418765 /* MainTabController.swift */; };
		FB81A66526DB85D800418765 /* FeedController.swift in Sources */ = {isa = PBXBuildFile; fileRef = FB81A66426DB85D800418765 /* FeedController.swift */; };
		FB81A66726DB860600418765 /* SearchController.swift in Sources */ = {isa = PBXBuildFile; fileRef = FB81A66626DB860600418765 /* SearchController.swift */; };
		FB81A66926DB861600418765 /* ImageSelectorController.swift in Sources */ = {isa = PBXBuildFile; fileRef = FB81A66826DB861600418765 /* ImageSelectorController.swift */; };
		FB81A66B26DB862200418765 /* NotificationController.swift in Sources */ = {isa = PBXBuildFile; fileRef = FB81A66A26DB862200418765 /* NotificationController.swift */; };
		FB81A66D26DB862C00418765 /* ProfileController.swift in Sources */ = {isa = PBXBuildFile; fileRef = FB81A66C26DB862C00418765 /* ProfileController.swift */; };
		FB81A66F26DB8D1C00418765 /* Assets.xcassets in Resources */ = {isa = PBXBuildFile; fileRef = FB81A66E26DB8D1C00418765 /* Assets.xcassets */; };
		FB81A67126DCC9DD00418765 /* FeedCell.swift in Sources */ = {isa = PBXBuildFile; fileRef = FB81A67026DCC9DD00418765 /* FeedCell.swift */; };
		FB81A67326DCCC3B00418765 /* Extensions.swift in Sources */ = {isa = PBXBuildFile; fileRef = FB81A67226DCCC3B00418765 /* Extensions.swift */; };
/* End PBXBuildFile section */

/* Begin PBXFileReference section */
		FB7DEF2526DE0DE80042DA0F /* LoginController.swift */ = {isa = PBXFileReference; lastKnownFileType = sourcecode.swift; path = LoginController.swift; sourceTree = "<group>"; };
		FB7DEF2726DE0DF60042DA0F /* RegistrationController.swift */ = {isa = PBXFileReference; lastKnownFileType = sourcecode.swift; path = RegistrationController.swift; sourceTree = "<group>"; };
		FB7DEF2926DE1E060042DA0F /* CustomTextField.swift */ = {isa = PBXFileReference; lastKnownFileType = sourcecode.swift; path = CustomTextField.swift; sourceTree = "<group>"; };
		FB81A64526DB82CD00418765 /* InstagramFirestoreTutorial.app */ = {isa = PBXFileReference; explicitFileType = wrapper.application; includeInIndex = 0; path = InstagramFirestoreTutorial.app; sourceTree = BUILT_PRODUCTS_DIR; };
		FB81A64826DB82CD00418765 /* AppDelegate.swift */ = {isa = PBXFileReference; lastKnownFileType = sourcecode.swift; path = AppDelegate.swift; sourceTree = "<group>"; };
		FB81A64A26DB82CD00418765 /* SceneDelegate.swift */ = {isa = PBXFileReference; lastKnownFileType = sourcecode.swift; path = SceneDelegate.swift; sourceTree = "<group>"; };
		FB81A64C26DB82CD00418765 /* ViewController.swift */ = {isa = PBXFileReference; lastKnownFileType = sourcecode.swift; path = ViewController.swift; sourceTree = "<group>"; };
		FB81A64F26DB82CD00418765 /* Base */ = {isa = PBXFileReference; lastKnownFileType = file.storyboard; name = Base; path = Base.lproj/Main.storyboard; sourceTree = "<group>"; };
		FB81A65426DB82CF00418765 /* Base */ = {isa = PBXFileReference; lastKnownFileType = file.storyboard; name = Base; path = Base.lproj/LaunchScreen.storyboard; sourceTree = "<group>"; };
		FB81A65626DB82CF00418765 /* Info.plist */ = {isa = PBXFileReference; lastKnownFileType = text.plist.xml; path = Info.plist; sourceTree = "<group>"; };
		FB81A66226DB83EF00418765 /* MainTabController.swift */ = {isa = PBXFileReference; lastKnownFileType = sourcecode.swift; path = MainTabController.swift; sourceTree = "<group>"; };
		FB81A66426DB85D800418765 /* FeedController.swift */ = {isa = PBXFileReference; lastKnownFileType = sourcecode.swift; path = FeedController.swift; sourceTree = "<group>"; };
		FB81A66626DB860600418765 /* SearchController.swift */ = {isa = PBXFileReference; lastKnownFileType = sourcecode.swift; path = SearchController.swift; sourceTree = "<group>"; };
		FB81A66826DB861600418765 /* ImageSelectorController.swift */ = {isa = PBXFileReference; lastKnownFileType = sourcecode.swift; path = ImageSelectorController.swift; sourceTree = "<group>"; };
		FB81A66A26DB862200418765 /* NotificationController.swift */ = {isa = PBXFileReference; lastKnownFileType = sourcecode.swift; path = NotificationController.swift; sourceTree = "<group>"; };
		FB81A66C26DB862C00418765 /* ProfileController.swift */ = {isa = PBXFileReference; lastKnownFileType = sourcecode.swift; path = ProfileController.swift; sourceTree = "<group>"; };
		FB81A66E26DB8D1C00418765 /* Assets.xcassets */ = {isa = PBXFileReference; lastKnownFileType = folder.assetcatalog; name = Assets.xcassets; path = ../../../../Downloads/Assets.xcassets; sourceTree = "<group>"; };
		FB81A67026DCC9DD00418765 /* FeedCell.swift */ = {isa = PBXFileReference; lastKnownFileType = sourcecode.swift; path = FeedCell.swift; sourceTree = "<group>"; };
		FB81A67226DCCC3B00418765 /* Extensions.swift */ = {isa = PBXFileReference; lastKnownFileType = sourcecode.swift; path = Extensions.swift; sourceTree = "<group>"; };
/* End PBXFileReference section */

/* Begin PBXFrameworksBuildPhase section */
		FB81A64226DB82CD00418765 /* Frameworks */ = {
			isa = PBXFrameworksBuildPhase;
			buildActionMask = 2147483647;
			files = (
			);
			runOnlyForDeploymentPostprocessing = 0;
		};
/* End PBXFrameworksBuildPhase section */

/* Begin PBXGroup section */
		FB7DEF2426DE0DC40042DA0F /* Authentification */ = {
			isa = PBXGroup;
			children = (
				FB7DEF2526DE0DE80042DA0F /* LoginController.swift */,
				FB7DEF2726DE0DF60042DA0F /* RegistrationController.swift */,
			);
			path = Authentification;
			sourceTree = "<group>";
		};
		FB81A63C26DB82CD00418765 = {
			isa = PBXGroup;
			children = (
				FB81A64726DB82CD00418765 /* InstagramFirestoreTutorial */,
				FB81A64626DB82CD00418765 /* Products */,
			);
			sourceTree = "<group>";
		};
		FB81A64626DB82CD00418765 /* Products */ = {
			isa = PBXGroup;
			children = (
				FB81A64526DB82CD00418765 /* InstagramFirestoreTutorial.app */,
			);
			name = Products;
			sourceTree = "<group>";
		};
		FB81A64726DB82CD00418765 /* InstagramFirestoreTutorial */ = {
			isa = PBXGroup;
			children = (
				FB81A66126DB835A00418765 /* Model */,
				FB81A66026DB835900418765 /* View */,
				FB81A65F26DB835700418765 /* ViewModel */,
				FB81A65E26DB835600418765 /* Controller */,
				FB81A65D26DB835500418765 /* API */,
				FB81A65C26DB830E00418765 /* Utils */,
				FB81A64826DB82CD00418765 /* AppDelegate.swift */,
				FB81A64A26DB82CD00418765 /* SceneDelegate.swift */,
				FB81A64C26DB82CD00418765 /* ViewController.swift */,
				FB81A64E26DB82CD00418765 /* Main.storyboard */,
				FB81A66E26DB8D1C00418765 /* Assets.xcassets */,
				FB81A65326DB82CF00418765 /* LaunchScreen.storyboard */,
				FB81A65626DB82CF00418765 /* Info.plist */,
			);
			path = InstagramFirestoreTutorial;
			sourceTree = "<group>";
		};
		FB81A65C26DB830E00418765 /* Utils */ = {
			isa = PBXGroup;
			children = (
				FB81A67226DCCC3B00418765 /* Extensions.swift */,
			);
			path = Utils;
			sourceTree = "<group>";
		};
		FB81A65D26DB835500418765 /* API */ = {
			isa = PBXGroup;
			children = (
			);
			path = API;
			sourceTree = "<group>";
		};
		FB81A65E26DB835600418765 /* Controller */ = {
			isa = PBXGroup;
			children = (
				FB7DEF2426DE0DC40042DA0F /* Authentification */,
				FB81A66226DB83EF00418765 /* MainTabController.swift */,
				FB81A66426DB85D800418765 /* FeedController.swift */,
				FB81A66626DB860600418765 /* SearchController.swift */,
				FB81A66826DB861600418765 /* ImageSelectorController.swift */,
				FB81A66A26DB862200418765 /* NotificationController.swift */,
				FB81A66C26DB862C00418765 /* ProfileController.swift */,
			);
			path = Controller;
			sourceTree = "<group>";
		};
		FB81A65F26DB835700418765 /* ViewModel */ = {
			isa = PBXGroup;
			children = (
			);
			path = ViewModel;
			sourceTree = "<group>";
		};
		FB81A66026DB835900418765 /* View */ = {
			isa = PBXGroup;
			children = (
				FB81A67026DCC9DD00418765 /* FeedCell.swift */,
				FB7DEF2926DE1E060042DA0F /* CustomTextField.swift */,
			);
			path = View;
			sourceTree = "<group>";
		};
		FB81A66126DB835A00418765 /* Model */ = {
			isa = PBXGroup;
			children = (
			);
			path = Model;
			sourceTree = "<group>";
		};
/* End PBXGroup section */

/* Begin PBXNativeTarget section */
		FB81A64426DB82CD00418765 /* InstagramFirestoreTutorial */ = {
			isa = PBXNativeTarget;
			buildConfigurationList = FB81A65926DB82CF00418765 /* Build configuration list for PBXNativeTarget "InstagramFirestoreTutorial" */;
			buildPhases = (
				FB81A64126DB82CD00418765 /* Sources */,
				FB81A64226DB82CD00418765 /* Frameworks */,
				FB81A64326DB82CD00418765 /* Resources */,
			);
			buildRules = (
			);
			dependencies = (
			);
			name = InstagramFirestoreTutorial;
			productName = InstagramFirestoreTutorial;
			productReference = FB81A64526DB82CD00418765 /* InstagramFirestoreTutorial.app */;
			productType = "com.apple.product-type.application";
		};
/* End PBXNativeTarget section */

/* Begin PBXProject section */
		FB81A63D26DB82CD00418765 /* Project object */ = {
			isa = PBXProject;
			attributes = {
				LastSwiftUpdateCheck = 1250;
				LastUpgradeCheck = 1250;
				TargetAttributes = {
					FB81A64426DB82CD00418765 = {
						CreatedOnToolsVersion = 12.5.1;
					};
				};
			};
			buildConfigurationList = FB81A64026DB82CD00418765 /* Build configuration list for PBXProject "InstagramFirestoreTutorial" */;
			compatibilityVersion = "Xcode 9.3";
			developmentRegion = en;
			hasScannedForEncodings = 0;
			knownRegions = (
				en,
				Base,
			);
			mainGroup = FB81A63C26DB82CD00418765;
			productRefGroup = FB81A64626DB82CD00418765 /* Products */;
			projectDirPath = "";
			projectRoot = "";
			targets = (
				FB81A64426DB82CD00418765 /* InstagramFirestoreTutorial */,
			);
		};
/* End PBXProject section */

/* Begin PBXResourcesBuildPhase section */
		FB81A64326DB82CD00418765 /* Resources */ = {
			isa = PBXResourcesBuildPhase;
			buildActionMask = 2147483647;
			files = (
				FB81A65526DB82CF00418765 /* LaunchScreen.storyboard in Resources */,
				FB81A66F26DB8D1C00418765 /* Assets.xcassets in Resources */,
				FB81A65026DB82CD00418765 /* Main.storyboard in Resources */,
			);
			runOnlyForDeploymentPostprocessing = 0;
		};
/* End PBXResourcesBuildPhase section */

/* Begin PBXSourcesBuildPhase section */
		FB81A64126DB82CD00418765 /* Sources */ = {
			isa = PBXSourcesBuildPhase;
			buildActionMask = 2147483647;
			files = (
				FB7DEF2A26DE1E060042DA0F /* CustomTextField.swift in Sources */,
				FB81A64D26DB82CD00418765 /* ViewController.swift in Sources */,
				FB7DEF2626DE0DE80042DA0F /* LoginController.swift in Sources */,
				FB81A67126DCC9DD00418765 /* FeedCell.swift in Sources */,
				FB81A66926DB861600418765 /* ImageSelectorController.swift in Sources */,
				FB81A66B26DB862200418765 /* NotificationController.swift in Sources */,
				FB81A66726DB860600418765 /* SearchController.swift in Sources */,
				FB81A64926DB82CD00418765 /* AppDelegate.swift in Sources */,
				FB81A66D26DB862C00418765 /* ProfileController.swift in Sources */,
				FB81A66526DB85D800418765 /* FeedController.swift in Sources */,
				FB81A66326DB83EF00418765 /* MainTabController.swift in Sources */,
				FB81A67326DCCC3B00418765 /* Extensions.swift in Sources */,
				FB81A64B26DB82CD00418765 /* SceneDelegate.swift in Sources */,
				FB7DEF2826DE0DF60042DA0F /* RegistrationController.swift in Sources */,
			);
			runOnlyForDeploymentPostprocessing = 0;
		};
/* End PBXSourcesBuildPhase section */

/* Begin PBXVariantGroup section */
		FB81A64E26DB82CD00418765 /* Main.storyboard */ = {
			isa = PBXVariantGroup;
			children = (
				FB81A64F26DB82CD00418765 /* Base */,
			);
			name = Main.storyboard;
			sourceTree = "<group>";
		};
		FB81A65326DB82CF00418765 /* LaunchScreen.storyboard */ = {
			isa = PBXVariantGroup;
			children = (
				FB81A65426DB82CF00418765 /* Base */,
			);
			name = LaunchScreen.storyboard;
			sourceTree = "<group>";
		};
/* End PBXVariantGroup section */

/* Begin XCBuildConfiguration section */
		FB81A65726DB82CF00418765 /* Debug */ = {
			isa = XCBuildConfiguration;
			buildSettings = {
				ALWAYS_SEARCH_USER_PATHS = NO;
				CLANG_ANALYZER_NONNULL = YES;
				CLANG_ANALYZER_NUMBER_OBJECT_CONVERSION = YES_AGGRESSIVE;
				CLANG_CXX_LANGUAGE_STANDARD = "gnu++14";
				CLANG_CXX_LIBRARY = "libc++";
				CLANG_ENABLE_MODULES = YES;
				CLANG_ENABLE_OBJC_ARC = YES;
				CLANG_ENABLE_OBJC_WEAK = YES;
				CLANG_WARN_BLOCK_CAPTURE_AUTORELEASING = YES;
				CLANG_WARN_BOOL_CONVERSION = YES;
				CLANG_WARN_COMMA = YES;
				CLANG_WARN_CONSTANT_CONVERSION = YES;
				CLANG_WARN_DEPRECATED_OBJC_IMPLEMENTATIONS = YES;
				CLANG_WARN_DIRECT_OBJC_ISA_USAGE = YES_ERROR;
				CLANG_WARN_DOCUMENTATION_COMMENTS = YES;
				CLANG_WARN_EMPTY_BODY = YES;
				CLANG_WARN_ENUM_CONVERSION = YES;
				CLANG_WARN_INFINITE_RECURSION = YES;
				CLANG_WARN_INT_CONVERSION = YES;
				CLANG_WARN_NON_LITERAL_NULL_CONVERSION = YES;
				CLANG_WARN_OBJC_IMPLICIT_RETAIN_SELF = YES;
				CLANG_WARN_OBJC_LITERAL_CONVERSION = YES;
				CLANG_WARN_OBJC_ROOT_CLASS = YES_ERROR;
				CLANG_WARN_QUOTED_INCLUDE_IN_FRAMEWORK_HEADER = YES;
				CLANG_WARN_RANGE_LOOP_ANALYSIS = YES;
				CLANG_WARN_STRICT_PROTOTYPES = YES;
				CLANG_WARN_SUSPICIOUS_MOVE = YES;
				CLANG_WARN_UNGUARDED_AVAILABILITY = YES_AGGRESSIVE;
				CLANG_WARN_UNREACHABLE_CODE = YES;
				CLANG_WARN__DUPLICATE_METHOD_MATCH = YES;
				COPY_PHASE_STRIP = NO;
				DEBUG_INFORMATION_FORMAT = dwarf;
				ENABLE_STRICT_OBJC_MSGSEND = YES;
				ENABLE_TESTABILITY = YES;
				GCC_C_LANGUAGE_STANDARD = gnu11;
				GCC_DYNAMIC_NO_PIC = NO;
				GCC_NO_COMMON_BLOCKS = YES;
				GCC_OPTIMIZATION_LEVEL = 0;
				GCC_PREPROCESSOR_DEFINITIONS = (
					"DEBUG=1",
					"$(inherited)",
				);
				GCC_WARN_64_TO_32_BIT_CONVERSION = YES;
				GCC_WARN_ABOUT_RETURN_TYPE = YES_ERROR;
				GCC_WARN_UNDECLARED_SELECTOR = YES;
				GCC_WARN_UNINITIALIZED_AUTOS = YES_AGGRESSIVE;
				GCC_WARN_UNUSED_FUNCTION = YES;
				GCC_WARN_UNUSED_VARIABLE = YES;
				IPHONEOS_DEPLOYMENT_TARGET = 14.5;
				MTL_ENABLE_DEBUG_INFO = INCLUDE_SOURCE;
				MTL_FAST_MATH = YES;
				ONLY_ACTIVE_ARCH = YES;
				SDKROOT = iphoneos;
				SWIFT_ACTIVE_COMPILATION_CONDITIONS = DEBUG;
				SWIFT_OPTIMIZATION_LEVEL = "-Onone";
			};
			name = Debug;
		};
		FB81A65826DB82CF00418765 /* Release */ = {
			isa = XCBuildConfiguration;
			buildSettings = {
				ALWAYS_SEARCH_USER_PATHS = NO;
				CLANG_ANALYZER_NONNULL = YES;
				CLANG_ANALYZER_NUMBER_OBJECT_CONVERSION = YES_AGGRESSIVE;
				CLANG_CXX_LANGUAGE_STANDARD = "gnu++14";
				CLANG_CXX_LIBRARY = "libc++";
				CLANG_ENABLE_MODULES = YES;
				CLANG_ENABLE_OBJC_ARC = YES;
				CLANG_ENABLE_OBJC_WEAK = YES;
				CLANG_WARN_BLOCK_CAPTURE_AUTORELEASING = YES;
				CLANG_WARN_BOOL_CONVERSION = YES;
				CLANG_WARN_COMMA = YES;
				CLANG_WARN_CONSTANT_CONVERSION = YES;
				CLANG_WARN_DEPRECATED_OBJC_IMPLEMENTATIONS = YES;
				CLANG_WARN_DIRECT_OBJC_ISA_USAGE = YES_ERROR;
				CLANG_WARN_DOCUMENTATION_COMMENTS = YES;
				CLANG_WARN_EMPTY_BODY = YES;
				CLANG_WARN_ENUM_CONVERSION = YES;
				CLANG_WARN_INFINITE_RECURSION = YES;
				CLANG_WARN_INT_CONVERSION = YES;
				CLANG_WARN_NON_LITERAL_NULL_CONVERSION = YES;
				CLANG_WARN_OBJC_IMPLICIT_RETAIN_SELF = YES;
				CLANG_WARN_OBJC_LITERAL_CONVERSION = YES;
				CLANG_WARN_OBJC_ROOT_CLASS = YES_ERROR;
				CLANG_WARN_QUOTED_INCLUDE_IN_FRAMEWORK_HEADER = YES;
				CLANG_WARN_RANGE_LOOP_ANALYSIS = YES;
				CLANG_WARN_STRICT_PROTOTYPES = YES;
				CLANG_WARN_SUSPICIOUS_MOVE = YES;
				CLANG_WARN_UNGUARDED_AVAILABILITY = YES_AGGRESSIVE;
				CLANG_WARN_UNREACHABLE_CODE = YES;
				CLANG_WARN__DUPLICATE_METHOD_MATCH = YES;
				COPY_PHASE_STRIP = NO;
				DEBUG_INFORMATION_FORMAT = "dwarf-with-dsym";
				ENABLE_NS_ASSERTIONS = NO;
				ENABLE_STRICT_OBJC_MSGSEND = YES;
				GCC_C_LANGUAGE_STANDARD = gnu11;
				GCC_NO_COMMON_BLOCKS = YES;
				GCC_WARN_64_TO_32_BIT_CONVERSION = YES;
				GCC_WARN_ABOUT_RETURN_TYPE = YES_ERROR;
				GCC_WARN_UNDECLARED_SELECTOR = YES;
				GCC_WARN_UNINITIALIZED_AUTOS = YES_AGGRESSIVE;
				GCC_WARN_UNUSED_FUNCTION = YES;
				GCC_WARN_UNUSED_VARIABLE = YES;
				IPHONEOS_DEPLOYMENT_TARGET = 14.5;
				MTL_ENABLE_DEBUG_INFO = NO;
				MTL_FAST_MATH = YES;
				SDKROOT = iphoneos;
				SWIFT_COMPILATION_MODE = wholemodule;
				SWIFT_OPTIMIZATION_LEVEL = "-O";
				VALIDATE_PRODUCT = YES;
			};
			name = Release;
		};
		FB81A65A26DB82CF00418765 /* Debug */ = {
			isa = XCBuildConfiguration;
			buildSettings = {
				ASSETCATALOG_COMPILER_APPICON_NAME = AppIcon;
				ASSETCATALOG_COMPILER_GLOBAL_ACCENT_COLOR_NAME = AccentColor;
				CODE_SIGN_STYLE = Automatic;
				DEVELOPMENT_TEAM = LFRY7BQTRY;
				INFOPLIST_FILE = InstagramFirestoreTutorial/Info.plist;
				LD_RUNPATH_SEARCH_PATHS = (
					"$(inherited)",
					"@executable_path/Frameworks",
				);
				PRODUCT_BUNDLE_IDENTIFIER = com.list.InstagramFirestoreTutorial;
				PRODUCT_NAME = "$(TARGET_NAME)";
				SWIFT_VERSION = 5.0;
				TARGETED_DEVICE_FAMILY = "1,2";
			};
			name = Debug;
		};
		FB81A65B26DB82CF00418765 /* Release */ = {
			isa = XCBuildConfiguration;
			buildSettings = {
				ASSETCATALOG_COMPILER_APPICON_NAME = AppIcon;
				ASSETCATALOG_COMPILER_GLOBAL_ACCENT_COLOR_NAME = AccentColor;
				CODE_SIGN_STYLE = Automatic;
				DEVELOPMENT_TEAM = LFRY7BQTRY;
				INFOPLIST_FILE = InstagramFirestoreTutorial/Info.plist;
				LD_RUNPATH_SEARCH_PATHS = (
					"$(inherited)",
					"@executable_path/Frameworks",
				);
				PRODUCT_BUNDLE_IDENTIFIER = com.list.InstagramFirestoreTutorial;
				PRODUCT_NAME = "$(TARGET_NAME)";
				SWIFT_VERSION = 5.0;
				TARGETED_DEVICE_FAMILY = "1,2";
			};
			name = Release;
		};
/* End XCBuildConfiguration section */

/* Begin XCConfigurationList section */
		FB81A64026DB82CD00418765 /* Build configuration list for PBXProject "InstagramFirestoreTutorial" */ = {
			isa = XCConfigurationList;
			buildConfigurations = (
				FB81A65726DB82CF00418765 /* Debug */,
				FB81A65826DB82CF00418765 /* Release */,
			);
			defaultConfigurationIsVisible = 0;
			defaultConfigurationName = Release;
		};
		FB81A65926DB82CF00418765 /* Build configuration list for PBXNativeTarget "InstagramFirestoreTutorial" */ = {
			isa = XCConfigurationList;
			buildConfigurations = (
				FB81A65A26DB82CF00418765 /* Debug */,
				FB81A65B26DB82CF00418765 /* Release */,
			);
			defaultConfigurationIsVisible = 0;
			defaultConfigurationName = Release;
		};
/* End XCConfigurationList section */
	};
	rootObject = FB81A63D26DB82CD00418765 /* Project object */;
}
